
Microsoft Visual Studio Solution File, Format Version 12.00
# Visual Studio Version 17
VisualStudioVersion = 17.0.31903.59
MinimumVisualStudioVersion = 10.0.40219.1
Project("{2150E333-8FDC-42A3-9474-1A3956D46DE8}") = "Shared", "Shared", "{4F52FD11-658E-A102-6CD3-7D7C16FFA15B}"
EndProject
Project("{FAE04EC0-301F-11D3-BF4B-00C04F79EFBC}") = "RavenTales.Shared", "Shared\RavenTales.Shared\RavenTales.Shared.csproj", "{F67D44DB-08ED-4740-9EEA-FA977059B244}"
EndProject
Project("{2150E333-8FDC-42A3-9474-1A3956D46DE8}") = "StoryService", "StoryService", "{89C6C3AE-D6DC-CC93-96AA-C20A4FAEABEE}"
EndProject
Project("{FAE04EC0-301F-11D3-BF4B-00C04F79EFBC}") = "CoreLayer", "StoryService\CoreLayer\CoreLayer.csproj", "{2EF9A8C4-A955-4B34-827D-4AC962899CCC}"
EndProject
Project("{FAE04EC0-301F-11D3-BF4B-00C04F79EFBC}") = "DataLayer", "StoryService\DataLayer\DataLayer.csproj", "{9B6B04EC-8BE5-4466-8ABA-3F567020932E}"
EndProject
Project("{FAE04EC0-301F-11D3-BF4B-00C04F79EFBC}") = "StoryGenerationMicroservice.API", "StoryService\StoryGenerationMicroservice.API\StoryGenerationMicroservice.API.csproj", "{1270D560-3A22-47E7-96C9-CF32E580BFEE}"
EndProject
Project("{2150E333-8FDC-42A3-9474-1A3956D46DE8}") = "UserAuthService", "UserAuthService", "{B8B20915-B1A6-8538-D7C6-018CF276E7ED}"
EndProject
Project("{FAE04EC0-301F-11D3-BF4B-00C04F79EFBC}") = "RavenTales.API", "UserAuthService\Auth.API\RavenTales.API.csproj", "{41BBB134-302D-49F4-80B8-AC521AF0DEC9}"
EndProject
Project("{FAE04EC0-301F-11D3-BF4B-00C04F79EFBC}") = "RavenTales.Core", "UserAuthService\Core\RavenTales.Core.csproj", "{574C34F8-DB06-4334-AF78-3DAD0E3499DD}"
EndProject
Project("{FAE04EC0-301F-11D3-BF4B-00C04F79EFBC}") = "RavenTales.Infrastructure", "UserAuthService\Infrastructure\RavenTales.Infrastructure.csproj", "{DB2957C9-A71D-4080-B0D8-AFDFB6AB99BF}"
EndProject
Global
	GlobalSection(SolutionConfigurationPlatforms) = preSolution
		Debug|Any CPU = Debug|Any CPU
		Debug|x64 = Debug|x64
		Debug|x86 = Debug|x86
		Release|Any CPU = Release|Any CPU
		Release|x64 = Release|x64
		Release|x86 = Release|x86
	EndGlobalSection
	GlobalSection(ProjectConfigurationPlatforms) = postSolution
		{F67D44DB-08ED-4740-9EEA-FA977059B244}.Debug|Any CPU.ActiveCfg = Debug|Any CPU
		{F67D44DB-08ED-4740-9EEA-FA977059B244}.Debug|Any CPU.Build.0 = Debug|Any CPU
		{F67D44DB-08ED-4740-9EEA-FA977059B244}.Debug|x64.ActiveCfg = Debug|Any CPU
		{F67D44DB-08ED-4740-9EEA-FA977059B244}.Debug|x64.Build.0 = Debug|Any CPU
		{F67D44DB-08ED-4740-9EEA-FA977059B244}.Debug|x86.ActiveCfg = Debug|Any CPU
		{F67D44DB-08ED-4740-9EEA-FA977059B244}.Debug|x86.Build.0 = Debug|Any CPU
		{F67D44DB-08ED-4740-9EEA-FA977059B244}.Release|Any CPU.ActiveCfg = Release|Any CPU
		{F67D44DB-08ED-4740-9EEA-FA977059B244}.Release|Any CPU.Build.0 = Release|Any CPU
		{F67D44DB-08ED-4740-9EEA-FA977059B244}.Release|x64.ActiveCfg = Release|Any CPU
		{F67D44DB-08ED-4740-9EEA-FA977059B244}.Release|x64.Build.0 = Release|Any CPU
		{F67D44DB-08ED-4740-9EEA-FA977059B244}.Release|x86.ActiveCfg = Release|Any CPU
		{F67D44DB-08ED-4740-9EEA-FA977059B244}.Release|x86.Build.0 = Release|Any CPU
		{2EF9A8C4-A955-4B34-827D-4AC962899CCC}.Debug|Any CPU.ActiveCfg = Debug|Any CPU
		{2EF9A8C4-A955-4B34-827D-4AC962899CCC}.Debug|Any CPU.Build.0 = Debug|Any CPU
		{2EF9A8C4-A955-4B34-827D-4AC962899CCC}.Debug|x64.ActiveCfg = Debug|Any CPU
		{2EF9A8C4-A955-4B34-827D-4AC962899CCC}.Debug|x64.Build.0 = Debug|Any CPU
		{2EF9A8C4-A955-4B34-827D-4AC962899CCC}.Debug|x86.ActiveCfg = Debug|Any CPU
		{2EF9A8C4-A955-4B34-827D-4AC962899CCC}.Debug|x86.Build.0 = Debug|Any CPU
		{2EF9A8C4-A955-4B34-827D-4AC962899CCC}.Release|Any CPU.ActiveCfg = Release|Any CPU
		{2EF9A8C4-A955-4B34-827D-4AC962899CCC}.Release|Any CPU.Build.0 = Release|Any CPU
		{2EF9A8C4-A955-4B34-827D-4AC962899CCC}.Release|x64.ActiveCfg = Release|Any CPU
		{2EF9A8C4-A955-4B34-827D-4AC962899CCC}.Release|x64.Build.0 = Release|Any CPU
		{2EF9A8C4-A955-4B34-827D-4AC962899CCC}.Release|x86.ActiveCfg = Release|Any CPU
		{2EF9A8C4-A955-4B34-827D-4AC962899CCC}.Release|x86.Build.0 = Release|Any CPU
		{9B6B04EC-8BE5-4466-8ABA-3F567020932E}.Debug|Any CPU.ActiveCfg = Debug|Any CPU
		{9B6B04EC-8BE5-4466-8ABA-3F567020932E}.Debug|Any CPU.Build.0 = Debug|Any CPU
		{9B6B04EC-8BE5-4466-8ABA-3F567020932E}.Debug|x64.ActiveCfg = Debug|Any CPU
		{9B6B04EC-8BE5-4466-8ABA-3F567020932E}.Debug|x64.Build.0 = Debug|Any CPU
		{9B6B04EC-8BE5-4466-8ABA-3F567020932E}.Debug|x86.ActiveCfg = Debug|Any CPU
		{9B6B04EC-8BE5-4466-8ABA-3F567020932E}.Debug|x86.Build.0 = Debug|Any CPU
		{9B6B04EC-8BE5-4466-8ABA-3F567020932E}.Release|Any CPU.ActiveCfg = Release|Any CPU
		{9B6B04EC-8BE5-4466-8ABA-3F567020932E}.Release|Any CPU.Build.0 = Release|Any CPU
		{9B6B04EC-8BE5-4466-8ABA-3F567020932E}.Release|x64.ActiveCfg = Release|Any CPU
		{9B6B04EC-8BE5-4466-8ABA-3F567020932E}.Release|x64.Build.0 = Release|Any CPU
		{9B6B04EC-8BE5-4466-8ABA-3F567020932E}.Release|x86.ActiveCfg = Release|Any CPU
		{9B6B04EC-8BE5-4466-8ABA-3F567020932E}.Release|x86.Build.0 = Release|Any CPU
		{1270D560-3A22-47E7-96C9-CF32E580BFEE}.Debug|Any CPU.ActiveCfg = Debug|Any CPU
		{1270D560-3A22-47E7-96C9-CF32E580BFEE}.Debug|Any CPU.Build.0 = Debug|Any CPU
		{1270D560-3A22-47E7-96C9-CF32E580BFEE}.Debug|x64.ActiveCfg = Debug|Any CPU
		{1270D560-3A22-47E7-96C9-CF32E580BFEE}.Debug|x64.Build.0 = Debug|Any CPU
		{1270D560-3A22-47E7-96C9-CF32E580BFEE}.Debug|x86.ActiveCfg = Debug|Any CPU
		{1270D560-3A22-47E7-96C9-CF32E580BFEE}.Debug|x86.Build.0 = Debug|Any CPU
		{1270D560-3A22-47E7-96C9-CF32E580BFEE}.Release|Any CPU.ActiveCfg = Release|Any CPU
		{1270D560-3A22-47E7-96C9-CF32E580BFEE}.Release|Any CPU.Build.0 = Release|Any CPU
		{1270D560-3A22-47E7-96C9-CF32E580BFEE}.Release|x64.ActiveCfg = Release|Any CPU
		{1270D560-3A22-47E7-96C9-CF32E580BFEE}.Release|x64.Build.0 = Release|Any CPU
		{1270D560-3A22-47E7-96C9-CF32E580BFEE}.Release|x86.ActiveCfg = Release|Any CPU
		{1270D560-3A22-47E7-96C9-CF32E580BFEE}.Release|x86.Build.0 = Release|Any CPU
		{41BBB134-302D-49F4-80B8-AC521AF0DEC9}.Debug|Any CPU.ActiveCfg = Debug|Any CPU
		{41BBB134-302D-49F4-80B8-AC521AF0DEC9}.Debug|Any CPU.Build.0 = Debug|Any CPU
		{41BBB134-302D-49F4-80B8-AC521AF0DEC9}.Debug|x64.ActiveCfg = Debug|Any CPU
		{41BBB134-302D-49F4-80B8-AC521AF0DEC9}.Debug|x64.Build.0 = Debug|Any CPU
		{41BBB134-302D-49F4-80B8-AC521AF0DEC9}.Debug|x86.ActiveCfg = Debug|Any CPU
		{41BBB134-302D-49F4-80B8-AC521AF0DEC9}.Debug|x86.Build.0 = Debug|Any CPU
		{41BBB134-302D-49F4-80B8-AC521AF0DEC9}.Release|Any CPU.ActiveCfg = Release|Any CPU
		{41BBB134-302D-49F4-80B8-AC521AF0DEC9}.Release|Any CPU.Build.0 = Release|Any CPU
		{41BBB134-302D-49F4-80B8-AC521AF0DEC9}.Release|x64.ActiveCfg = Release|Any CPU
		{41BBB134-302D-49F4-80B8-AC521AF0DEC9}.Release|x64.Build.0 = Release|Any CPU
		{41BBB134-302D-49F4-80B8-AC521AF0DEC9}.Release|x86.ActiveCfg = Release|Any CPU
		{41BBB134-302D-49F4-80B8-AC521AF0DEC9}.Release|x86.Build.0 = Release|Any CPU
		{574C34F8-DB06-4334-AF78-3DAD0E3499DD}.Debug|Any CPU.ActiveCfg = Debug|Any CPU
		{574C34F8-DB06-4334-AF78-3DAD0E3499DD}.Debug|Any CPU.Build.0 = Debug|Any CPU
		{574C34F8-DB06-4334-AF78-3DAD0E3499DD}.Debug|x64.ActiveCfg = Debug|Any CPU
		{574C34F8-DB06-4334-AF78-3DAD0E3499DD}.Debug|x64.Build.0 = Debug|Any CPU
		{574C34F8-DB06-4334-AF78-3DAD0E3499DD}.Debug|x86.ActiveCfg = Debug|Any CPU
		{574C34F8-DB06-4334-AF78-3DAD0E3499DD}.Debug|x86.Build.0 = Debug|Any CPU
		{574C34F8-DB06-4334-AF78-3DAD0E3499DD}.Release|Any CPU.ActiveCfg = Release|Any CPU
		{574C34F8-DB06-4334-AF78-3DAD0E3499DD}.Release|Any CPU.Build.0 = Release|Any CPU
		{574C34F8-DB06-4334-AF78-3DAD0E3499DD}.Release|x64.ActiveCfg = Release|Any CPU
		{574C34F8-DB06-4334-AF78-3DAD0E3499DD}.Release|x64.Build.0 = Release|Any CPU
		{574C34F8-DB06-4334-AF78-3DAD0E3499DD}.Release|x86.ActiveCfg = Release|Any CPU
		{574C34F8-DB06-4334-AF78-3DAD0E3499DD}.Release|x86.Build.0 = Release|Any CPU
		{DB2957C9-A71D-4080-B0D8-AFDFB6AB99BF}.Debug|Any CPU.ActiveCfg = Debug|Any CPU
		{DB2957C9-A71D-4080-B0D8-AFDFB6AB99BF}.Debug|Any CPU.Build.0 = Debug|Any CPU
		{DB2957C9-A71D-4080-B0D8-AFDFB6AB99BF}.Debug|x64.ActiveCfg = Debug|Any CPU
		{DB2957C9-A71D-4080-B0D8-AFDFB6AB99BF}.Debug|x64.Build.0 = Debug|Any CPU
		{DB2957C9-A71D-4080-B0D8-AFDFB6AB99BF}.Debug|x86.ActiveCfg = Debug|Any CPU
		{DB2957C9-A71D-4080-B0D8-AFDFB6AB99BF}.Debug|x86.Build.0 = Debug|Any CPU
		{DB2957C9-A71D-4080-B0D8-AFDFB6AB99BF}.Release|Any CPU.ActiveCfg = Release|Any CPU
		{DB2957C9-A71D-4080-B0D8-AFDFB6AB99BF}.Release|Any CPU.Build.0 = Release|Any CPU
		{DB2957C9-A71D-4080-B0D8-AFDFB6AB99BF}.Release|x64.ActiveCfg = Release|Any CPU
		{DB2957C9-A71D-4080-B0D8-AFDFB6AB99BF}.Release|x64.Build.0 = Release|Any CPU
		{DB2957C9-A71D-4080-B0D8-AFDFB6AB99BF}.Release|x86.ActiveCfg = Release|Any CPU
		{DB2957C9-A71D-4080-B0D8-AFDFB6AB99BF}.Release|x86.Build.0 = Release|Any CPU
	EndGlobalSection
	GlobalSection(SolutionProperties) = preSolution
		HideSolutionNode = FALSE
	EndGlobalSection
	GlobalSection(NestedProjects) = preSolution
		{F67D44DB-08ED-4740-9EEA-FA977059B244} = {4F52FD11-658E-A102-6CD3-7D7C16FFA15B}
		{2EF9A8C4-A955-4B34-827D-4AC962899CCC} = {89C6C3AE-D6DC-CC93-96AA-C20A4FAEABEE}
		{9B6B04EC-8BE5-4466-8ABA-3F567020932E} = {89C6C3AE-D6DC-CC93-96AA-C20A4FAEABEE}
		{1270D560-3A22-47E7-96C9-CF32E580BFEE} = {89C6C3AE-D6DC-CC93-96AA-C20A4FAEABEE}
		{41BBB134-302D-49F4-80B8-AC521AF0DEC9} = {B8B20915-B1A6-8538-D7C6-018CF276E7ED}
		{574C34F8-DB06-4334-AF78-3DAD0E3499DD} = {B8B20915-B1A6-8538-D7C6-018CF276E7ED}
		{DB2957C9-A71D-4080-B0D8-AFDFB6AB99BF} = {B8B20915-B1A6-8538-D7C6-018CF276E7ED}
	EndGlobalSection
	GlobalSection(ExtensibilityGlobals) = postSolution
		SolutionGuid = {299068D2-98DF-49BE-BBF4-DF06F08A7B9F}
	EndGlobalSection
EndGlobal
